<?xml version="1.0" encoding="utf-8"?>
<Project ToolsVersion="4.0" xmlns="http://schemas.microsoft.com/developer/msbuild/2003">
  <ItemGroup>
    <Filter Include="Source Files">
      <UniqueIdentifier>{4FC737F1-C7A5-4376-A066-2A32D752A2FF}</UniqueIdentifier>
      <Extensions>cpp;c;cc;cxx;def;odl;idl;hpj;bat;asm;asmx</Extensions>
    </Filter>
    <Filter Include="Header Files">
      <UniqueIdentifier>{93995380-89BD-4b04-88EB-625FBE52EBFB}</UniqueIdentifier>
      <Extensions>h;hh;hpp;hxx;hm;inl;inc;xsd</Extensions>
    </Filter>
    <Filter Include="Resource Files">
      <UniqueIdentifier>{D9D6E242-F8AF-46E4-B9FD-80ECBC20BA3E}</UniqueIdentifier>
      <Extensions>qrc;*</Extensions>
      <ParseFiles>false</ParseFiles>
    </Filter>
    <Filter Include="Form Files">
      <UniqueIdentifier>{99349809-55BA-4b9d-BF79-8FDBB0286EB3}</UniqueIdentifier>
      <Extensions>ui</Extensions>
    </Filter>
    <Filter Include="Resource Files">
      <UniqueIdentifier>{D9D6E242-F8AF-46E4-B9FD-80ECBC20BA3E}</UniqueIdentifier>
      <Extensions>qrc;*</Extensions>
      <ParseFiles>false</ParseFiles>
    </Filter>
    <Filter Include="Generated Files">
      <UniqueIdentifier>{71ED8ED8-ACB9-4CE9-BBE1-E00B30144E11}</UniqueIdentifier>
      <Extensions>moc;h;cpp</Extensions>
      <SourceControlFiles>False</SourceControlFiles>
    </Filter>
    <Filter Include="log">
      <UniqueIdentifier>{c84c32d1-2efd-40ff-84bf-39af3907dbf8}</UniqueIdentifier>
    </Filter>
    <Filter Include="Base">
      <UniqueIdentifier>{4f73ca0b-990e-4be6-87db-b45bfdbf58ea}</UniqueIdentifier>
    </Filter>
    <Filter Include="Generated Files\Debug">
      <UniqueIdentifier>{3539e878-fcb9-4219-9c66-d174eb2ef83e}</UniqueIdentifier>
    </Filter>
    <Filter Include="Generated Files\Release">
      <UniqueIdentifier>{fa4859a9-9ddb-4354-9e9f-728b0bb64777}</UniqueIdentifier>
    </Filter>
    <Filter Include="qextserialport_win">
      <UniqueIdentifier>{d6a07c55-8197-431f-ab83-733bdd83b812}</UniqueIdentifier>
    </Filter>
  </ItemGroup>
  <ItemGroup>
    <ClCompile Include="main.cpp">
      <Filter>Source Files</Filter>
    </ClCompile>
    <ClCompile Include="QtControl.cpp">
      <Filter>Source Files</Filter>
    </ClCompile>
    <ClCompile Include="SerialPortSetting.cpp">
      <Filter>Source Files</Filter>
    </ClCompile>
    <ClCompile Include="KeyBoard.cpp">
      <Filter>Source Files</Filter>
    </ClCompile>
    <ClCompile Include="log\Logger.cpp">
      <Filter>log</Filter>
    </ClCompile>
    <ClCompile Include="log\LogManager.cpp">
      <Filter>log</Filter>
    </ClCompile>
    <ClCompile Include="frmcomtool.cpp">
      <Filter>Source Files</Filter>
    </ClCompile>
    <ClCompile Include="NumKeyBoard.cpp">
      <Filter>Source Files</Filter>
    </ClCompile>
    <ClCompile Include="Base\RunTime.cpp">
      <Filter>Base</Filter>
    </ClCompile>
    <ClCompile Include="GeneratedFiles\Debug\moc_frmcomtool.cpp">
      <Filter>Generated Files\Debug</Filter>
    </ClCompile>
    <ClCompile Include="GeneratedFiles\Debug\moc_KeyBoard.cpp">
      <Filter>Generated Files\Debug</Filter>
    </ClCompile>
    <ClCompile Include="GeneratedFiles\Debug\moc_NumKeyBoard.cpp">
      <Filter>Generated Files\Debug</Filter>
    </ClCompile>
    <ClCompile Include="GeneratedFiles\Debug\moc_QtControl.cpp">
      <Filter>Generated Files\Debug</Filter>
    </ClCompile>
    <ClCompile Include="GeneratedFiles\Release\moc_frmcomtool.cpp">
      <Filter>Generated Files\Release</Filter>
    </ClCompile>
    <ClCompile Include="GeneratedFiles\Release\moc_KeyBoard.cpp">
      <Filter>Generated Files\Release</Filter>
    </ClCompile>
    <ClCompile Include="GeneratedFiles\Release\moc_NumKeyBoard.cpp">
      <Filter>Generated Files\Release</Filter>
    </ClCompile>
    <ClCompile Include="GeneratedFiles\Release\moc_QtControl.cpp">
      <Filter>Generated Files\Release</Filter>
    </ClCompile>
    <ClCompile Include="GeneratedFiles\qrc_QtControl.cpp">
      <Filter>Generated Files</Filter>
    </ClCompile>
    <ClCompile Include="Base\QR_Encode.cpp">
      <Filter>Base</Filter>
    </ClCompile>
    <ClCompile Include="log\log_deffine.cpp">
      <Filter>log</Filter>
    </ClCompile>
    <ClCompile Include="Qtxqm.cpp">
      <Filter>Source Files</Filter>
    </ClCompile>
    <ClCompile Include="QGetWidget.cpp">
      <Filter>Source Files</Filter>
    </ClCompile>
    <ClCompile Include="CMessage.cpp">
      <Filter>Source Files</Filter>
    </ClCompile>
    <ClCompile Include="CQRWidget.cpp">
      <Filter>Source Files</Filter>
    </ClCompile>
    <ClCompile Include="CProgressWidget.cpp">
      <Filter>Source Files</Filter>
    </ClCompile>
    <ClCompile Include="CSerialPort.cpp">
      <Filter>Source Files</Filter>
    </ClCompile>
    <ClCompile Include="Base\SQLBase.cpp">
      <Filter>Base</Filter>
    </ClCompile>
    <ClCompile Include="Base\Lock_Tool.cpp">
      <Filter>Base</Filter>
    </ClCompile>
    <ClCompile Include="ControlSql.cpp">
      <Filter>Source Files</Filter>
    </ClCompile>
    <ClCompile Include="qextserialport_win\qextserialbase.cpp">
      <Filter>qextserialport_win</Filter>
    </ClCompile>
    <ClCompile Include="qextserialport_win\qextserialenumerator.cpp">
      <Filter>qextserialport_win</Filter>
    </ClCompile>
    <ClCompile Include="qextserialport_win\qextserialport.cpp">
      <Filter>qextserialport_win</Filter>
    </ClCompile>
    <ClCompile Include="qextserialport_win\win_qextserialport.cpp">
      <Filter>qextserialport_win</Filter>
    </ClCompile>
    <ClCompile Include="QPortControl.cpp">
      <Filter>Source Files</Filter>
    </ClCompile>
    <ClCompile Include="QMoveControl.cpp">
      <Filter>Source Files</Filter>
    </ClCompile>
  </ItemGroup>
  <ItemGroup>
    <QtMoc Include="QtControl.h">
      <Filter>Header Files</Filter>
    </QtMoc>
    <QtMoc Include="KeyBoard.h">
      <Filter>Header Files</Filter>
    </QtMoc>
    <QtMoc Include="NumKeyBoard.h">
      <Filter>Header Files</Filter>
    </QtMoc>
    <QtMoc Include="frmcomtool.h">
      <Filter>Header Files</Filter>
    </QtMoc>
    <QtMoc Include="Qtxqm.h">
      <Filter>Header Files</Filter>
    </QtMoc>
    <QtMoc Include="QGetWidget.h">
      <Filter>Header Files</Filter>
    </QtMoc>
    <QtMoc Include="CMessage.h">
      <Filter>Header Files</Filter>
    </QtMoc>
    <QtMoc Include="CQRWidget.h">
      <Filter>Header Files</Filter>
    </QtMoc>
    <QtMoc Include="CProgressWidget.h">
      <Filter>Header Files</Filter>
    </QtMoc>
    <QtMoc Include="CSerialPort.h">
      <Filter>Header Files</Filter>
    </QtMoc>
    <QtMoc Include="Base\SQLBase.h">
      <Filter>Base</Filter>
    </QtMoc>
    <QtMoc Include="ControlSql.h">
      <Filter>Header Files</Filter>
    </QtMoc>
    <QtMoc Include="qextserialport_win\qextserialbase.h">
      <Filter>qextserialport_win</Filter>
    </QtMoc>
    <QtMoc Include="qextserialport_win\qextserialport.h">
      <Filter>qextserialport_win</Filter>
    </QtMoc>
    <QtMoc Include="qextserialport_win\win_qextserialport.h">
      <Filter>qextserialport_win</Filter>
    </QtMoc>
    <QtMoc Include="QPortControl.h">
      <Filter>Header Files</Filter>
    </QtMoc>
    <QtMoc Include="QMoveControl.h">
      <Filter>Header Files</Filter>
    </QtMoc>
  </ItemGroup>
  <ItemGroup>
    <QtUic Include="QtControl.ui">
      <Filter>Form Files</Filter>
    </QtUic>
    <QtUic Include="SerialPortSetting.ui">
      <Filter>Form Files</Filter>
    </QtUic>
    <QtUic Include="keyboard.ui">
      <Filter>Form Files</Filter>
    </QtUic>
    <QtUic Include="frmcomtool.ui">
      <Filter>Form Files</Filter>
    </QtUic>
    <QtUic Include="NumKeyBoard.ui">
      <Filter>Form Files</Filter>
    </QtUic>
    <QtUic Include="QGetWidget.ui">
      <Filter>Form Files</Filter>
    </QtUic>
    <QtUic Include="CMessage.ui">
      <Filter>Form Files</Filter>
    </QtUic>
    <QtUic Include="CQRWidget.ui">
      <Filter>Form Files</Filter>
    </QtUic>
    <QtUic Include="CProgressWidget.ui">
      <Filter>Form Files</Filter>
    </QtUic>
  </ItemGroup>
  <ItemGroup>
    <QtRcc Include="QtControl.qrc">
      <Filter>Resource Files</Filter>
    </QtRcc>
  </ItemGroup>
  <ItemGroup>
    <ClInclude Include="SerialPortSetting.h">
      <Filter>Header Files</Filter>
    </ClInclude>
    <ClInclude Include="define.h">
      <Filter>Header Files</Filter>
    </ClInclude>
    <ClInclude Include="include\develop_interface.h">
      <Filter>Header Files</Filter>
    </ClInclude>
    <ClInclude Include="log\log_deffine.h">
      <Filter>log</Filter>
    </ClInclude>
    <ClInclude Include="log\Logger.h">
      <Filter>log</Filter>
    </ClInclude>
    <ClInclude Include="log\LogManager.h">
      <Filter>log</Filter>
    </ClInclude>
    <ClInclude Include="GeneratedFiles\ui_QtControl.h">
      <Filter>Generated Files</Filter>
    </ClInclude>
    <ClInclude Include="Base\RunTime.h">
      <Filter>Base</Filter>
    </ClInclude>
    <ClInclude Include="include\HSingleton\HSingleton.h">
      <Filter>Base</Filter>
    </ClInclude>
    <ClInclude Include="Base\myhelper.h">
      <Filter>Base</Filter>
    </ClInclude>
    <ClInclude Include="GeneratedFiles\ui_frmcomtool.h">
      <Filter>Generated Files</Filter>
    </ClInclude>
    <ClInclude Include="GeneratedFiles\ui_keyboard.h">
      <Filter>Generated Files</Filter>
    </ClInclude>
    <ClInclude Include="GeneratedFiles\ui_NumKeyBoard.h">
      <Filter>Generated Files</Filter>
    </ClInclude>
    <ClInclude Include="GeneratedFiles\ui_SerialPortSetting.h">
      <Filter>Generated Files</Filter>
    </ClInclude>
    <ClInclude Include="Base\QR_Encode.h">
      <Filter>Base</Filter>
    </ClInclude>
    <ClInclude Include="Base\Lock_Tool.h">
      <Filter>Base</Filter>
    </ClInclude>
    <ClInclude Include="resource.h">
      <Filter>Header Files</Filter>
    </ClInclude>
    <ClInclude Include="qextserialport_win\qextserialenumerator.h">
      <Filter>qextserialport_win</Filter>
    </ClInclude>
  </ItemGroup>
  <ItemGroup>
    <ResourceCompile Include="QtControl.rc" />
  </ItemGroup>
  <ItemGroup>
    <Image Include="Resources\Image\zhihuiwu.ico" />
  </ItemGroup>
</Project>